
Microsoft Visual Studio Solution File, Format Version 12.00
# Visual Studio Version 16
VisualStudioVersion = 16.0.29503.13
MinimumVisualStudioVersion = 10.0.40219.1
Project("{FAE04EC0-301F-11D3-BF4B-00C04F79EFBC}") = "AppPractica", "AppPractica\AppPractica.csproj", "{F7D24E84-9172-4FB7-9A81-25B413CC4A73}"
EndProject
Global
	GlobalSection(SolutionConfigurationPlatforms) = preSolution
		Debug|Any CPU = Debug|Any CPU
		Release|Any CPU = Release|Any CPU
	EndGlobalSection
	GlobalSection(ProjectConfigurationPlatforms) = postSolution
		{F7D24E84-9172-4FB7-9A81-25B413CC4A73}.Debug|Any CPU.ActiveCfg = Debug|Any CPU
		{F7D24E84-9172-4FB7-9A81-25B413CC4A73}.Debug|Any CPU.Build.0 = Debug|Any CPU
		{F7D24E84-9172-4FB7-9A81-25B413CC4A73}.Release|Any CPU.ActiveCfg = Release|Any CPU
		{F7D24E84-9172-4FB7-9A81-25B413CC4A73}.Release|Any CPU.Build.0 = Release|Any CPU
	EndGlobalSection
	GlobalSection(SolutionProperties) = preSolution
		HideSolutionNode = FALSE
	EndGlobalSection
	GlobalSection(ExtensibilityGlobals) = postSolution
		SolutionGuid = {FFCBBEB2-05C3-430A-AF93-2FD92956FC08}
	EndGlobalSection
EndGlobal
